
Microsoft Visual Studio Solution File, Format Version 12.00
# Visual Studio Version 17
VisualStudioVersion = 17.3.32825.248
MinimumVisualStudioVersion = 10.0.40219.1
Project("{FAE04EC0-301F-11D3-BF4B-00C04F79EFBC}") = "WebApplication6", "WebApplication6\WebApplication6.csproj", "{7BB81664-F5E4-4A31-8825-E5B80DCCB576}"
EndProject
Global
	GlobalSection(SolutionConfigurationPlatforms) = preSolution
		Debug|Any CPU = Debug|Any CPU
		Release|Any CPU = Release|Any CPU
	EndGlobalSection
	GlobalSection(ProjectConfigurationPlatforms) = postSolution
		{7BB81664-F5E4-4A31-8825-E5B80DCCB576}.Debug|Any CPU.ActiveCfg = Debug|Any CPU
		{7BB81664-F5E4-4A31-8825-E5B80DCCB576}.Debug|Any CPU.Build.0 = Debug|Any CPU
		{7BB81664-F5E4-4A31-8825-E5B80DCCB576}.Release|Any CPU.ActiveCfg = Release|Any CPU
		{7BB81664-F5E4-4A31-8825-E5B80DCCB576}.Release|Any CPU.Build.0 = Release|Any CPU
	EndGlobalSection
	GlobalSection(SolutionProperties) = preSolution
		HideSolutionNode = FALSE
	EndGlobalSection
	GlobalSection(ExtensibilityGlobals) = postSolution
		SolutionGuid = {FA7AE6CF-21F3-4956-A2FB-EB7B06C14D60}
	EndGlobalSection
EndGlobal
